{
  "name": "streamedian",
  "version": "1.8.3",
  "lockfileVersion": 3,
  "requires": true,
  "packages": {
    "": {
      "name": "streamedian",
      "version": "1.8.3",
      "license": "Apache2",
      "dependencies": {
        "bp_event": "^1.1.2",
        "bp_logger": "^1.0.3",
        "bp_statemachine": "^1.0.13",
        "jsencrypt": "git+ssh://git@github.com/kreopt/jsencrypt.git#master"
      },
      "devDependencies": {
        "rollup": "^2.79.0",
        "rollup-plugin-alias": "^2.2.0",
        "rollup-plugin-buble": "^0.19.8"
      }
    },
    "node_modules/acorn": {
      "version": "6.4.2",
      "resolved": "https://registry.npmmirror.com/acorn/-/acorn-6.4.2.tgz",
      "integrity": "sha512-XtGIhXwF8YM8bJhGxG5kXgjkEuNGLTkoYqVE+KMR+aspr4KGYmKYg7yUe3KghyQ9yheNwLnjmzh/7+gfDBmHCQ==",
      "dev": true,
      "bin": {
        "acorn": "bin/acorn"
      },
      "engines": {
        "node": ">=0.4.0"
      }
    },
    "node_modules/acorn-dynamic-import": {
      "version": "4.0.0",
      "resolved": "https://registry.npmmirror.com/acorn-dynamic-import/-/acorn-dynamic-import-4.0.0.tgz",
      "integrity": "sha512-d3OEjQV4ROpoflsnUA8HozoIR504TFxNivYEUi6uwz0IYhBkTDXGuWlNdMtybRt3nqVx/L6XqMt0FxkXuWKZhw==",
      "dev": true,
      "peerDependencies": {
        "acorn": "^6.0.0"
      }
    },
    "node_modules/acorn-jsx": {
      "version": "5.3.2",
      "resolved": "https://registry.npmmirror.com/acorn-jsx/-/acorn-jsx-5.3.2.tgz",
      "integrity": "sha512-rq9s+JNhf0IChjtDXxllJ7g41oZk5SlXtp0LHwyA5cejwn7vKmKp4pPri6YEePv2PU65sAsegbXtIinmDFDXgQ==",
      "dev": true,
      "peerDependencies": {
        "acorn": "^6.0.0 || ^7.0.0 || ^8.0.0"
      }
    },
    "node_modules/align-text": {
      "version": "0.1.4",
      "resolved": "https://registry.npmmirror.com/align-text/-/align-text-0.1.4.tgz",
      "integrity": "sha512-GrTZLRpmp6wIC2ztrWW9MjjTgSKccffgFagbNDOX95/dcjEcYZibYTeaOntySQLcdw1ztBoFkviiUvTMbb9MYg==",
      "dependencies": {
        "kind-of": "^3.0.2",
        "longest": "^1.0.1",
        "repeat-string": "^1.5.2"
      },
      "engines": {
        "node": ">=0.10.0"
      }
    },
    "node_modules/ansi-gray": {
      "version": "0.1.1",
      "resolved": "https://registry.npmmirror.com/ansi-gray/-/ansi-gray-0.1.1.tgz",
      "integrity": "sha512-HrgGIZUl8h2EHuZaU9hTR/cU5nhKxpVE1V6kdGsQ8e4zirElJ5fvtfc8N7Q1oq1aatO275i8pUFUCpNWCAnVWw==",
      "dependencies": {
        "ansi-wrap": "0.1.0"
      },
      "engines": {
        "node": ">=0.10.0"
      }
    },
    "node_modules/ansi-regex": {
      "version": "2.1.1",
      "resolved": "https://registry.npmmirror.com/ansi-regex/-/ansi-regex-2.1.1.tgz",
      "integrity": "sha512-TIGnTpdo+E3+pCyAluZvtED5p5wCqLdezCyhPZzKPcxvFplEt4i+W7OONCKgeZFT3+y5NZZfOOS/Bdcanm1MYA==",
      "engines": {
        "node": ">=0.10.0"
      }
    },
    "node_modules/ansi-styles": {
      "version": "2.2.1",
      "resolved": "https://registry.npmmirror.com/ansi-styles/-/ansi-styles-2.2.1.tgz",
      "integrity": "sha512-kmCevFghRiWM7HB5zTPULl4r9bVFSWjz62MhqizDGUrq2NWuNMQyuv4tHHoKJHs69M/MF64lEcHdYIocrdWQYA==",
      "engines": {
        "node": ">=0.10.0"
      }
    },
    "node_modules/ansi-wrap": {
      "version": "0.1.0",
      "resolved": "https://registry.npmmirror.com/ansi-wrap/-/ansi-wrap-0.1.0.tgz",
      "integrity": "sha512-ZyznvL8k/FZeQHr2T6LzcJ/+vBApDnMNZvfVFy3At0knswWd6rJ3/0Hhmpu8oqa6C92npmozs890sX9Dl6q+Qw==",
      "engines": {
        "node": ">=0.10.0"
      }
    },
    "node_modules/array-differ": {
      "version": "1.0.0",
      "resolved": "https://registry.npmmirror.com/array-differ/-/array-differ-1.0.0.tgz",
      "integrity": "sha512-LeZY+DZDRnvP7eMuQ6LHfCzUGxAAIViUBliK24P3hWXL6y4SortgR6Nim6xrkfSLlmH0+k+9NYNwVC2s53ZrYQ==",
      "engines": {
        "node": ">=0.10.0"
      }
    },
    "node_modules/array-uniq": {
      "version": "1.0.3",
      "resolved": "https://registry.npmmirror.com/array-uniq/-/array-uniq-1.0.3.tgz",
      "integrity": "sha512-MNha4BWQ6JbwhFhj03YK552f7cb3AzoE8SzeljgChvL1dl3IcvggXVz1DilzySZkCja+CXuZbdW7yATchWn8/Q==",
      "engines": {
        "node": ">=0.10.0"
      }
    },
    "node_modules/async": {
      "version": "0.2.10",
      "resolved": "https://registry.npmmirror.com/async/-/async-0.2.10.tgz",
      "integrity": "sha512-eAkdoKxU6/LkKDBzLpT+t6Ff5EtfSF4wx1WfJiPEEV7WNLnDaRXk0oVysiEPm262roaachGexwUv94WhSgN5TQ=="
    },
    "node_modules/beeper": {
      "version": "1.1.1",
      "resolved": "https://registry.npmmirror.com/beeper/-/beeper-1.1.1.tgz",
      "integrity": "sha512-3vqtKL1N45I5dV0RdssXZG7X6pCqQrWPNOlBPZPrd+QkE2HEhR57Z04m0KtpbsZH73j+a3F8UD1TQnn+ExTvIA==",
      "engines": {
        "node": ">=0.10.0"
      }
    },
    "node_modules/bp_event": {
      "version": "1.2.0",
      "resolved": "https://registry.npmmirror.com/bp_event/-/bp_event-1.2.0.tgz",
      "integrity": "sha512-IodqC5ulg+Lrc5SqM6ftRFxZ/hXGXPl0sK+0970ucCwM5rJFlOEFIFM/AKuVFP85xLyFpOebzDl1xV3gyfYVog=="
    },
    "node_modules/bp_logger": {
      "version": "1.1.1",
      "resolved": "https://registry.npmmirror.com/bp_logger/-/bp_logger-1.1.1.tgz",
      "integrity": "sha512-0uqiJjgUVkl91266ceFzSMYjnsXA3C9s002agJOle6PPWfVx330CbYVgp2MkcGo4fmdzBvqE5AgNtpgIUWoI4g=="
    },
    "node_modules/bp_statemachine": {
      "version": "1.0.14",
      "resolved": "https://registry.npmmirror.com/bp_statemachine/-/bp_statemachine-1.0.14.tgz",
      "integrity": "sha512-T90b1Tll8wbGwN1VVNfeHD5Gt9iaxDLi2Nv7yTm83dseT8/h0LpzqyaQJ02CLyLmDOu9W4ThnSs+9Wht4RwC7A=="
    },
    "node_modules/buble": {
      "version": "0.19.8",
      "resolved": "https://registry.npmmirror.com/buble/-/buble-0.19.8.tgz",
      "integrity": "sha512-IoGZzrUTY5fKXVkgGHw3QeXFMUNBFv+9l8a4QJKG1JhG3nCMHTdEX1DCOg8568E2Q9qvAQIiSokv6Jsgx8p2cA==",
      "dev": true,
      "dependencies": {
        "acorn": "^6.1.1",
        "acorn-dynamic-import": "^4.0.0",
        "acorn-jsx": "^5.0.1",
        "chalk": "^2.4.2",
        "magic-string": "^0.25.3",
        "minimist": "^1.2.0",
        "os-homedir": "^2.0.0",
        "regexpu-core": "^4.5.4"
      },
      "bin": {
        "buble": "bin/buble"
      }
    },
    "node_modules/buble/node_modules/ansi-styles": {
      "version": "3.2.1",
      "resolved": "https://registry.npmmirror.com/ansi-styles/-/ansi-styles-3.2.1.tgz",
      "integrity": "sha512-VT0ZI6kZRdTh8YyJw3SMbYm/u+NqfsAxEpWO0Pf9sq8/e94WxxOpPKx9FR1FlyCtOVDNOQ+8ntlqFxiRc+r5qA==",
      "dev": true,
      "dependencies": {
        "color-convert": "^1.9.0"
      },
      "engines": {
        "node": ">=4"
      }
    },
    "node_modules/buble/node_modules/chalk": {
      "version": "2.4.2",
      "resolved": "https://registry.npmmirror.com/chalk/-/chalk-2.4.2.tgz",
      "integrity": "sha512-Mti+f9lpJNcwF4tWV8/OrTTtF1gZi+f8FqlyAdouralcFWFQWF2+NgCHShjkCb+IFBLq9buZwE1xckQU4peSuQ==",
      "dev": true,
      "dependencies": {
        "ansi-styles": "^3.2.1",
        "escape-string-regexp": "^1.0.5",
        "supports-color": "^5.3.0"
      },
      "engines": {
        "node": ">=4"
      }
    },
    "node_modules/buble/node_modules/supports-color": {
      "version": "5.5.0",
      "resolved": "https://registry.npmmirror.com/supports-color/-/supports-color-5.5.0.tgz",
      "integrity": "sha512-QjVjwdXIt408MIiAqCX4oUKsgU2EqAGzs2Ppkm4aQYbjm+ZEWEcW4SfFNTr4uMNZma0ey4f5lgLrkB0aX0QMow==",
      "dev": true,
      "dependencies": {
        "has-flag": "^3.0.0"
      },
      "engines": {
        "node": ">=4"
      }
    },
    "node_modules/camelcase": {
      "version": "1.2.1",
      "resolved": "https://registry.npmmirror.com/camelcase/-/camelcase-1.2.1.tgz",
      "integrity": "sha512-wzLkDa4K/mzI1OSITC+DUyjgIl/ETNHE9QvYgy6J6Jvqyyz4C0Xfd+lQhb19sX2jMpZV4IssUn0VDVmglV+s4g==",
      "engines": {
        "node": ">=0.10.0"
      }
    },
    "node_modules/center-align": {
      "version": "0.1.3",
      "resolved": "https://registry.npmmirror.com/center-align/-/center-align-0.1.3.tgz",
      "integrity": "sha512-Baz3aNe2gd2LP2qk5U+sDk/m4oSuwSDcBfayTCTBoWpfIGO5XFxPmjILQII4NGiZjD6DoDI6kf7gKaxkf7s3VQ==",
      "dependencies": {
        "align-text": "^0.1.3",
        "lazy-cache": "^1.0.3"
      },
      "engines": {
        "node": ">=0.10.0"
      }
    },
    "node_modules/chalk": {
      "version": "1.1.3",
      "resolved": "https://registry.npmmirror.com/chalk/-/chalk-1.1.3.tgz",
      "integrity": "sha512-U3lRVLMSlsCfjqYPbLyVv11M9CPW4I728d6TCKMAOJueEeB9/8o+eSsMnxPJD+Q+K909sdESg7C+tIkoH6on1A==",
      "dependencies": {
        "ansi-styles": "^2.2.1",
        "escape-string-regexp": "^1.0.2",
        "has-ansi": "^2.0.0",
        "strip-ansi": "^3.0.0",
        "supports-color": "^2.0.0"
      },
      "engines": {
        "node": ">=0.10.0"
      }
    },
    "node_modules/cliui": {
      "version": "2.1.0",
      "resolved": "https://registry.npmmirror.com/cliui/-/cliui-2.1.0.tgz",
      "integrity": "sha512-GIOYRizG+TGoc7Wgc1LiOTLare95R3mzKgoln+Q/lE4ceiYH19gUpl0l0Ffq4lJDEf3FxujMe6IBfOCs7pfqNA==",
      "dependencies": {
        "center-align": "^0.1.1",
        "right-align": "^0.1.1",
        "wordwrap": "0.0.2"
      }
    },
    "node_modules/clone": {
      "version": "1.0.4",
      "resolved": "https://registry.npmmirror.com/clone/-/clone-1.0.4.tgz",
      "integrity": "sha512-JQHZ2QMW6l3aH/j6xCqQThY/9OH4D/9ls34cgkUBiEeocRTU04tHfKPBsUK1PqZCUQM7GiA0IIXJSuXHI64Kbg==",
      "engines": {
        "node": ">=0.8"
      }
    },
    "node_modules/clone-stats": {
      "version": "0.0.1",
      "resolved": "https://registry.npmmirror.com/clone-stats/-/clone-stats-0.0.1.tgz",
      "integrity": "sha512-dhUqc57gSMCo6TX85FLfe51eC/s+Im2MLkAgJwfaRRexR2tA4dd3eLEW4L6efzHc2iNorrRRXITifnDLlRrhaA=="
    },
    "node_modules/color-convert": {
      "version": "1.9.3",
      "resolved": "https://registry.npmmirror.com/color-convert/-/color-convert-1.9.3.tgz",
      "integrity": "sha512-QfAUtd+vFdAtFQcC8CCyYt1fYWxSqAiK2cSD6zDB8N3cpsEBAvRxp9zOGg6G/SHHJYAT88/az/IuDGALsNVbGg==",
      "dev": true,
      "dependencies": {
        "color-name": "1.1.3"
      }
    },
    "node_modules/color-name": {
      "version": "1.1.3",
      "resolved": "https://registry.npmmirror.com/color-name/-/color-name-1.1.3.tgz",
      "integrity": "sha512-72fSenhMw2HZMTVHeCA9KCmpEIbzWiQsjN+BHcBbS9vr1mtt+vJjPdksIBNUmKAW8TFUDPJK5SUU3QhE9NEXDw==",
      "dev": true
    },
    "node_modules/color-support": {
      "version": "1.1.3",
      "resolved": "https://registry.npmmirror.com/color-support/-/color-support-1.1.3.tgz",
      "integrity": "sha512-qiBjkpbMLO/HL68y+lh4q0/O1MZFj2RX6X/KmMa3+gJD3z+WwI1ZzDHysvqHGS3mP6mznPckpXmw1nI9cJjyRg==",
      "bin": {
        "color-support": "bin.js"
      }
    },
    "node_modules/core-util-is": {
      "version": "1.0.3",
      "resolved": "https://registry.npmmirror.com/core-util-is/-/core-util-is-1.0.3.tgz",
      "integrity": "sha512-ZQBvi1DcpJ4GDqanjucZ2Hj3wEO5pZDS89BWbkcrvdxksJorwUDDZamX9ldFkp9aw2lmBDLgkObEA4DWNJ9FYQ=="
    },
    "node_modules/dateformat": {
      "version": "2.2.0",
      "resolved": "https://registry.npmmirror.com/dateformat/-/dateformat-2.2.0.tgz",
      "integrity": "sha512-GODcnWq3YGoTnygPfi02ygEiRxqUxpJwuRHjdhJYuxpcZmDq4rjBiXYmbCCzStxo176ixfLT6i4NPwQooRySnw==",
      "engines": {
        "node": "*"
      }
    },
    "node_modules/deap": {
      "version": "1.0.1",
      "resolved": "https://registry.npmmirror.com/deap/-/deap-1.0.1.tgz",
      "integrity": "sha512-k75KYNZMvwAwes2xIPry/QTffXIchjD8QfABvvfTr80P85jv5ZcKqcoDo+vMe71nNnVnXYe8MA28weyqcf/DKw=="
    },
    "node_modules/decamelize": {
      "version": "1.2.0",
      "resolved": "https://registry.npmmirror.com/decamelize/-/decamelize-1.2.0.tgz",
      "integrity": "sha512-z2S+W9X73hAUUki+N+9Za2lBlun89zigOyGrsax+KUQ6wKW4ZoWpEYBkGhQjwAjjDCkWxhY0VKEhk8wzY7F5cA==",
      "engines": {
        "node": ">=0.10.0"
      }
    },
    "node_modules/duplexer2": {
      "version": "0.0.2",
      "resolved": "https://registry.npmmirror.com/duplexer2/-/duplexer2-0.0.2.tgz",
      "integrity": "sha512-+AWBwjGadtksxjOQSFDhPNQbed7icNXApT4+2BNpsXzcCBiInq2H9XW0O8sfHFaPmnQRs7cg/P0fAr2IWQSW0g==",
      "dependencies": {
        "readable-stream": "~1.1.9"
      }
    },
    "node_modules/escape-string-regexp": {
      "version": "1.0.5",
      "resolved": "https://registry.npmmirror.com/escape-string-regexp/-/escape-string-regexp-1.0.5.tgz",
      "integrity": "sha512-vbRorB5FUQWvla16U8R/qgaFIya2qGzwDrNmCZuYKrbdSUMG6I1ZCGQRefkRVhuOkIGVne7BQ35DSfo1qvJqFg==",
      "engines": {
        "node": ">=0.8.0"
      }
    },
    "node_modules/estree-walker": {
      "version": "0.6.1",
      "resolved": "https://registry.npmmirror.com/estree-walker/-/estree-walker-0.6.1.tgz",
      "integrity": "sha512-SqmZANLWS0mnatqbSfRP5g8OXZC12Fgg1IwNtLsyHDzJizORW4khDfjPqJZsemPWBB2uqykUah5YpQ6epsqC/w==",
      "dev": true
    },
    "node_modules/fancy-log": {
      "version": "1.3.3",
      "resolved": "https://registry.npmmirror.com/fancy-log/-/fancy-log-1.3.3.tgz",
      "integrity": "sha512-k9oEhlyc0FrVh25qYuSELjr8oxsCoc4/LEZfg2iJJrfEk/tZL9bCoJE47gqAvI2m/AUjluCS4+3I0eTx8n3AEw==",
      "dependencies": {
        "ansi-gray": "^0.1.1",
        "color-support": "^1.1.3",
        "parse-node-version": "^1.0.0",
        "time-stamp": "^1.0.0"
      },
      "engines": {
        "node": ">= 0.10"
      }
    },
    "node_modules/fsevents": {
      "version": "2.3.2",
      "resolved": "https://registry.npmmirror.com/fsevents/-/fsevents-2.3.2.tgz",
      "integrity": "sha512-xiqMQR4xAeHTuB9uWm+fFRcIOgKBMiOBP+eXiyT7jsgVCq1bkVygt00oASowB7EdtpOHaaPgKt812P9ab+DDKA==",
      "dev": true,
      "optional": true,
      "os": [
        "darwin"
      ],
      "engines": {
        "node": "^8.16.0 || ^10.6.0 || >=11.0.0"
      }
    },
    "node_modules/glogg": {
      "version": "1.0.2",
      "resolved": "https://registry.npmmirror.com/glogg/-/glogg-1.0.2.tgz",
      "integrity": "sha512-5mwUoSuBk44Y4EshyiqcH95ZntbDdTQqA3QYSrxmzj28Ai0vXBGMH1ApSANH14j2sIRtqCEyg6PfsuP7ElOEDA==",
      "dependencies": {
        "sparkles": "^1.0.0"
      },
      "engines": {
        "node": ">= 0.10"
      }
    },
    "node_modules/gulp-rename": {
      "version": "1.4.0",
      "resolved": "https://registry.npmmirror.com/gulp-rename/-/gulp-rename-1.4.0.tgz",
      "integrity": "sha512-swzbIGb/arEoFK89tPY58vg3Ok1bw+d35PfUNwWqdo7KM4jkmuGA78JiDNqR+JeZFaeeHnRg9N7aihX3YPmsyg==",
      "engines": {
        "node": ">=4"
      }
    },
    "node_modules/gulp-uglify": {
      "version": "1.5.4",
      "resolved": "https://registry.npmmirror.com/gulp-uglify/-/gulp-uglify-1.5.4.tgz",
      "integrity": "sha512-X2B8fNsWJCG7cT7nfzJLS3WKlW1NU3/3MySrVzNuWHOq88VdLgHVajxMTl6rBSuIn6xT/gbwd9jqj6juyqMWzw==",
      "dependencies": {
        "deap": "^1.0.0",
        "fancy-log": "^1.0.0",
        "gulp-util": "^3.0.0",
        "isobject": "^2.0.0",
        "through2": "^2.0.0",
        "uglify-js": "2.6.4",
        "uglify-save-license": "^0.4.1",
        "vinyl-sourcemaps-apply": "^0.2.0"
      }
    },
    "node_modules/gulp-util": {
      "version": "3.0.8",
      "resolved": "https://registry.npmmirror.com/gulp-util/-/gulp-util-3.0.8.tgz",
      "integrity": "sha512-q5oWPc12lwSFS9h/4VIjG+1NuNDlJ48ywV2JKItY4Ycc/n1fXJeYPVQsfu5ZrhQi7FGSDBalwUCLar/GyHXKGw==",
      "dependencies": {
        "array-differ": "^1.0.0",
        "array-uniq": "^1.0.2",
        "beeper": "^1.0.0",
        "chalk": "^1.0.0",
        "dateformat": "^2.0.0",
        "fancy-log": "^1.1.0",
        "gulplog": "^1.0.0",
        "has-gulplog": "^0.1.0",
        "lodash._reescape": "^3.0.0",
        "lodash._reevaluate": "^3.0.0",
        "lodash._reinterpolate": "^3.0.0",
        "lodash.template": "^3.0.0",
        "minimist": "^1.1.0",
        "multipipe": "^0.1.2",
        "object-assign": "^3.0.0",
        "replace-ext": "0.0.1",
        "through2": "^2.0.0",
        "vinyl": "^0.5.0"
      },
      "engines": {
        "node": ">=0.10"
      }
    },
    "node_modules/gulplog": {
      "version": "1.0.0",
      "resolved": "https://registry.npmmirror.com/gulplog/-/gulplog-1.0.0.tgz",
      "integrity": "sha512-hm6N8nrm3Y08jXie48jsC55eCZz9mnb4OirAStEk2deqeyhXU3C1otDVh+ccttMuc1sBi6RX6ZJ720hs9RCvgw==",
      "dependencies": {
        "glogg": "^1.0.0"
      },
      "engines": {
        "node": ">= 0.10"
      }
    },
    "node_modules/has-ansi": {
      "version": "2.0.0",
      "resolved": "https://registry.npmmirror.com/has-ansi/-/has-ansi-2.0.0.tgz",
      "integrity": "sha512-C8vBJ8DwUCx19vhm7urhTuUsr4/IyP6l4VzNQDv+ryHQObW3TTTp9yB68WpYgRe2bbaGuZ/se74IqFeVnMnLZg==",
      "dependencies": {
        "ansi-regex": "^2.0.0"
      },
      "engines": {
        "node": ">=0.10.0"
      }
    },
    "node_modules/has-flag": {
      "version": "3.0.0",
      "resolved": "https://registry.npmmirror.com/has-flag/-/has-flag-3.0.0.tgz",
      "integrity": "sha512-sKJf1+ceQBr4SMkvQnBDNDtf4TXpVhVGateu0t918bl30FnbE2m4vNLX+VWe/dpjlb+HugGYzW7uQXH98HPEYw==",
      "dev": true,
      "engines": {
        "node": ">=4"
      }
    },
    "node_modules/has-gulplog": {
      "version": "0.1.0",
      "resolved": "https://registry.npmmirror.com/has-gulplog/-/has-gulplog-0.1.0.tgz",
      "integrity": "sha512-+F4GzLjwHNNDEAJW2DC1xXfEoPkRDmUdJ7CBYw4MpqtDwOnqdImJl7GWlpqx+Wko6//J8uKTnIe4wZSv7yCqmw==",
      "dependencies": {
        "sparkles": "^1.0.0"
      },
      "engines": {
        "node": ">= 0.10"
      }
    },
    "node_modules/inherits": {
      "version": "2.0.4",
      "resolved": "https://registry.npmmirror.com/inherits/-/inherits-2.0.4.tgz",
      "integrity": "sha512-k/vGaX4/Yla3WzyMCvTQOXYeIHvqOKtnqBduzTHpzpQZzAskKMhZ2K+EnBiSM9zGSoIFeMpXKxa4dYeZIQqewQ=="
    },
    "node_modules/is-buffer": {
      "version": "1.1.6",
      "resolved": "https://registry.npmmirror.com/is-buffer/-/is-buffer-1.1.6.tgz",
      "integrity": "sha512-NcdALwpXkTm5Zvvbk7owOUSvVvBKDgKP5/ewfXEznmQFfs4ZRmanOeKBTjRVjka3QFoN6XJ+9F3USqfHqTaU5w=="
    },
    "node_modules/isarray": {
      "version": "1.0.0",
      "resolved": "https://registry.npmmirror.com/isarray/-/isarray-1.0.0.tgz",
      "integrity": "sha512-VLghIWNM6ELQzo7zwmcg0NmTVyWKYjvIeM83yjp0wRDTmUnrM678fQbcKBo6n2CJEF0szoG//ytg+TKla89ALQ=="
    },
    "node_modules/isobject": {
      "version": "2.1.0",
      "resolved": "https://registry.npmmirror.com/isobject/-/isobject-2.1.0.tgz",
      "integrity": "sha512-+OUdGJlgjOBZDfxnDjYYG6zp487z0JGNQq3cYQYg5f5hKR+syHMsaztzGeml/4kGG55CSpKSpWTY+jYGgsHLgA==",
      "dependencies": {
        "isarray": "1.0.0"
      },
      "engines": {
        "node": ">=0.10.0"
      }
    },
    "node_modules/jsencrypt": {
      "version": "2.3.1",
      "resolved": "git+ssh://git@github.com/kreopt/jsencrypt.git",
      "integrity": "sha512-bYkomZob8LFhIdnw+U+v/2GqZvaO5j3RQZ5Bi7slu6/FeM1JXXwyRkvXn/e3t5YUfmy9HlFtCd7I8wPB8tuijQ==",
      "dependencies": {
        "gulp-rename": "^1.2.2",
        "gulp-uglify": "^1.5.3"
      }
    },
    "node_modules/jsesc": {
      "version": "0.5.0",
      "resolved": "https://registry.npmmirror.com/jsesc/-/jsesc-0.5.0.tgz",
      "integrity": "sha512-uZz5UnB7u4T9LvwmFqXii7pZSouaRPorGs5who1Ip7VO0wxanFvBL7GkM6dTHlgX+jhBApRetaWpnDabOeTcnA==",
      "dev": true,
      "bin": {
        "jsesc": "bin/jsesc"
      }
    },
    "node_modules/kind-of": {
      "version": "3.2.2",
      "resolved": "https://registry.npmmirror.com/kind-of/-/kind-of-3.2.2.tgz",
      "integrity": "sha512-NOW9QQXMoZGg/oqnVNoNTTIFEIid1627WCffUBJEdMxYApq7mNE7CpzucIPc+ZQg25Phej7IJSmX3hO+oblOtQ==",
      "dependencies": {
        "is-buffer": "^1.1.5"
      },
      "engines": {
        "node": ">=0.10.0"
      }
    },
    "node_modules/lazy-cache": {
      "version": "1.0.4",
      "resolved": "https://registry.npmmirror.com/lazy-cache/-/lazy-cache-1.0.4.tgz",
      "integrity": "sha512-RE2g0b5VGZsOCFOCgP7omTRYFqydmZkBwl5oNnQ1lDYC57uyO9KqNnNVxT7COSHTxrRCWVcAVOcbjk+tvh/rgQ==",
      "engines": {
        "node": ">=0.10.0"
      }
    },
    "node_modules/lodash._basecopy": {
      "version": "3.0.1",
      "resolved": "https://registry.npmmirror.com/lodash._basecopy/-/lodash._basecopy-3.0.1.tgz",
      "integrity": "sha512-rFR6Vpm4HeCK1WPGvjZSJ+7yik8d8PVUdCJx5rT2pogG4Ve/2ZS7kfmO5l5T2o5V2mqlNIfSF5MZlr1+xOoYQQ=="
    },
    "node_modules/lodash._basetostring": {
      "version": "3.0.1",
      "resolved": "https://registry.npmmirror.com/lodash._basetostring/-/lodash._basetostring-3.0.1.tgz",
      "integrity": "sha512-mTzAr1aNAv/i7W43vOR/uD/aJ4ngbtsRaCubp2BfZhlGU/eORUjg/7F6X0orNMdv33JOrdgGybtvMN/po3EWrA=="
    },
    "node_modules/lodash._basevalues": {
      "version": "3.0.0",
      "resolved": "https://registry.npmmirror.com/lodash._basevalues/-/lodash._basevalues-3.0.0.tgz",
      "integrity": "sha512-H94wl5P13uEqlCg7OcNNhMQ8KvWSIyqXzOPusRgHC9DK3o54P6P3xtbXlVbRABG4q5gSmp7EDdJ0MSuW9HX6Mg=="
    },
    "node_modules/lodash._getnative": {
      "version": "3.9.1",
      "resolved": "https://registry.npmmirror.com/lodash._getnative/-/lodash._getnative-3.9.1.tgz",
      "integrity": "sha512-RrL9VxMEPyDMHOd9uFbvMe8X55X16/cGM5IgOKgRElQZutpX89iS6vwl64duTV1/16w5JY7tuFNXqoekmh1EmA=="
    },
    "node_modules/lodash._isiterateecall": {
      "version": "3.0.9",
      "resolved": "https://registry.npmmirror.com/lodash._isiterateecall/-/lodash._isiterateecall-3.0.9.tgz",
      "integrity": "sha512-De+ZbrMu6eThFti/CSzhRvTKMgQToLxbij58LMfM8JnYDNSOjkjTCIaa8ixglOeGh2nyPlakbt5bJWJ7gvpYlQ=="
    },
    "node_modules/lodash._reescape": {
      "version": "3.0.0",
      "resolved": "https://registry.npmmirror.com/lodash._reescape/-/lodash._reescape-3.0.0.tgz",
      "integrity": "sha512-Sjlavm5y+FUVIF3vF3B75GyXrzsfYV8Dlv3L4mEpuB9leg8N6yf/7rU06iLPx9fY0Mv3khVp9p7Dx0mGV6V5OQ=="
    },
    "node_modules/lodash._reevaluate": {
      "version": "3.0.0",
      "resolved": "https://registry.npmmirror.com/lodash._reevaluate/-/lodash._reevaluate-3.0.0.tgz",
      "integrity": "sha512-OrPwdDc65iJiBeUe5n/LIjd7Viy99bKwDdk7Z5ljfZg0uFRFlfQaCy9tZ4YMAag9WAZmlVpe1iZrkIMMSMHD3w=="
    },
    "node_modules/lodash._reinterpolate": {
      "version": "3.0.0",
      "resolved": "https://registry.npmmirror.com/lodash._reinterpolate/-/lodash._reinterpolate-3.0.0.tgz",
      "integrity": "sha512-xYHt68QRoYGjeeM/XOE1uJtvXQAgvszfBhjV4yvsQH0u2i9I6cI6c6/eG4Hh3UAOVn0y/xAXwmTzEay49Q//HA=="
    },
    "node_modules/lodash._root": {
      "version": "3.0.1",
      "resolved": "https://registry.npmmirror.com/lodash._root/-/lodash._root-3.0.1.tgz",
      "integrity": "sha512-O0pWuFSK6x4EXhM1dhZ8gchNtG7JMqBtrHdoUFUWXD7dJnNSUze1GuyQr5sOs0aCvgGeI3o/OJW8f4ca7FDxmQ=="
    },
    "node_modules/lodash.escape": {
      "version": "3.2.0",
      "resolved": "https://registry.npmmirror.com/lodash.escape/-/lodash.escape-3.2.0.tgz",
      "integrity": "sha512-n1PZMXgaaDWZDSvuNZ/8XOcYO2hOKDqZel5adtR30VKQAtoWs/5AOeFA0vPV8moiPzlqe7F4cP2tzpFewQyelQ==",
      "dependencies": {
        "lodash._root": "^3.0.0"
      }
    },
    "node_modules/lodash.isarguments": {
      "version": "3.1.0",
      "resolved": "https://registry.npmmirror.com/lodash.isarguments/-/lodash.isarguments-3.1.0.tgz",
      "integrity": "sha512-chi4NHZlZqZD18a0imDHnZPrDeBbTtVN7GXMwuGdRH9qotxAjYs3aVLKc7zNOG9eddR5Ksd8rvFEBc9SsggPpg=="
    },
    "node_modules/lodash.isarray": {
      "version": "3.0.4",
      "resolved": "https://registry.npmmirror.com/lodash.isarray/-/lodash.isarray-3.0.4.tgz",
      "integrity": "sha512-JwObCrNJuT0Nnbuecmqr5DgtuBppuCvGD9lxjFpAzwnVtdGoDQ1zig+5W8k5/6Gcn0gZ3936HDAlGd28i7sOGQ=="
    },
    "node_modules/lodash.keys": {
      "version": "3.1.2",
      "resolved": "https://registry.npmmirror.com/lodash.keys/-/lodash.keys-3.1.2.tgz",
      "integrity": "sha512-CuBsapFjcubOGMn3VD+24HOAPxM79tH+V6ivJL3CHYjtrawauDJHUk//Yew9Hvc6e9rbCrURGk8z6PC+8WJBfQ==",
      "dependencies": {
        "lodash._getnative": "^3.0.0",
        "lodash.isarguments": "^3.0.0",
        "lodash.isarray": "^3.0.0"
      }
    },
    "node_modules/lodash.restparam": {
      "version": "3.6.1",
      "resolved": "https://registry.npmmirror.com/lodash.restparam/-/lodash.restparam-3.6.1.tgz",
      "integrity": "sha512-L4/arjjuq4noiUJpt3yS6KIKDtJwNe2fIYgMqyYYKoeIfV1iEqvPwhCx23o+R9dzouGihDAPN1dTIRWa7zk8tw=="
    },
    "node_modules/lodash.template": {
      "version": "3.6.2",
      "resolved": "https://registry.npmmirror.com/lodash.template/-/lodash.template-3.6.2.tgz",
      "integrity": "sha512-0B4Y53I0OgHUJkt+7RmlDFWKjVAI/YUpWNiL9GQz5ORDr4ttgfQGo+phBWKFLJbBdtOwgMuUkdOHOnPg45jKmQ==",
      "dependencies": {
        "lodash._basecopy": "^3.0.0",
        "lodash._basetostring": "^3.0.0",
        "lodash._basevalues": "^3.0.0",
        "lodash._isiterateecall": "^3.0.0",
        "lodash._reinterpolate": "^3.0.0",
        "lodash.escape": "^3.0.0",
        "lodash.keys": "^3.0.0",
        "lodash.restparam": "^3.0.0",
        "lodash.templatesettings": "^3.0.0"
      }
    },
    "node_modules/lodash.templatesettings": {
      "version": "3.1.1",
      "resolved": "https://registry.npmmirror.com/lodash.templatesettings/-/lodash.templatesettings-3.1.1.tgz",
      "integrity": "sha512-TcrlEr31tDYnWkHFWDCV3dHYroKEXpJZ2YJYvJdhN+y4AkWMDZ5I4I8XDtUKqSAyG81N7w+I1mFEJtcED+tGqQ==",
      "dependencies": {
        "lodash._reinterpolate": "^3.0.0",
        "lodash.escape": "^3.0.0"
      }
    },
    "node_modules/longest": {
      "version": "1.0.1",
      "resolved": "https://registry.npmmirror.com/longest/-/longest-1.0.1.tgz",
      "integrity": "sha512-k+yt5n3l48JU4k8ftnKG6V7u32wyH2NfKzeMto9F/QRE0amxy/LayxwlvjjkZEIzqR+19IrtFO8p5kB9QaYUFg==",
      "engines": {
        "node": ">=0.10.0"
      }
    },
    "node_modules/magic-string": {
      "version": "0.25.9",
      "resolved": "https://registry.npmmirror.com/magic-string/-/magic-string-0.25.9.tgz",
      "integrity": "sha512-RmF0AsMzgt25qzqqLc1+MbHmhdx0ojF2Fvs4XnOqz2ZOBXzzkEwc/dJQZCYHAn7v1jbVOjAZfK8msRn4BxO4VQ==",
      "dev": true,
      "dependencies": {
        "sourcemap-codec": "^1.4.8"
      }
    },
    "node_modules/minimist": {
      "version": "1.2.6",
      "resolved": "https://registry.npmmirror.com/minimist/-/minimist-1.2.6.tgz",
      "integrity": "sha512-Jsjnk4bw3YJqYzbdyBiNsPWHPfO++UGG749Cxs6peCu5Xg4nrena6OVxOYxrQTqww0Jmwt+Ref8rggumkTLz9Q=="
    },
    "node_modules/multipipe": {
      "version": "0.1.2",
      "resolved": "https://registry.npmmirror.com/multipipe/-/multipipe-0.1.2.tgz",
      "integrity": "sha512-7ZxrUybYv9NonoXgwoOqtStIu18D1c3eFZj27hqgf5kBrBF8Q+tE8V0MW8dKM5QLkQPh1JhhbKgHLY9kifov4Q==",
      "dependencies": {
        "duplexer2": "0.0.2"
      }
    },
    "node_modules/object-assign": {
      "version": "3.0.0",
      "resolved": "https://registry.npmmirror.com/object-assign/-/object-assign-3.0.0.tgz",
      "integrity": "sha512-jHP15vXVGeVh1HuaA2wY6lxk+whK/x4KBG88VXeRma7CCun7iGD5qPc4eYykQ9sdQvg8jkwFKsSxHln2ybW3xQ==",
      "engines": {
        "node": ">=0.10.0"
      }
    },
    "node_modules/os-homedir": {
      "version": "2.0.0",
      "resolved": "https://registry.npmmirror.com/os-homedir/-/os-homedir-2.0.0.tgz",
      "integrity": "sha512-saRNz0DSC5C/I++gFIaJTXoFJMRwiP5zHar5vV3xQ2TkgEw6hDCcU5F272JjUylpiVgBrZNQHnfjkLabTfb92Q==",
      "dev": true,
      "engines": {
        "node": ">=0.10.0"
      }
    },
    "node_modules/parse-node-version": {
      "version": "1.0.1",
      "resolved": "https://registry.npmmirror.com/parse-node-version/-/parse-node-version-1.0.1.tgz",
      "integrity": "sha512-3YHlOa/JgH6Mnpr05jP9eDG254US9ek25LyIxZlDItp2iJtwyaXQb57lBYLdT3MowkUFYEV2XXNAYIPlESvJlA==",
      "engines": {
        "node": ">= 0.10"
      }
    },
    "node_modules/process-nextick-args": {
      "version": "2.0.1",
      "resolved": "https://registry.npmmirror.com/process-nextick-args/-/process-nextick-args-2.0.1.tgz",
      "integrity": "sha512-3ouUOpQhtgrbOa17J7+uxOTpITYWaGP7/AhoR3+A+/1e9skrzelGi/dXzEYyvbxubEF6Wn2ypscTKiKJFFn1ag=="
    },
    "node_modules/readable-stream": {
      "version": "1.1.14",
      "resolved": "https://registry.npmmirror.com/readable-stream/-/readable-stream-1.1.14.tgz",
      "integrity": "sha512-+MeVjFf4L44XUkhM1eYbD8fyEsxcV81pqMSR5gblfcLCHfZvbrqy4/qYHE+/R5HoBUT11WV5O08Cr1n3YXkWVQ==",
      "dependencies": {
        "core-util-is": "~1.0.0",
        "inherits": "~2.0.1",
        "isarray": "0.0.1",
        "string_decoder": "~0.10.x"
      }
    },
    "node_modules/readable-stream/node_modules/isarray": {
      "version": "0.0.1",
      "resolved": "https://registry.npmmirror.com/isarray/-/isarray-0.0.1.tgz",
      "integrity": "sha512-D2S+3GLxWH+uhrNEcoh/fnmYeP8E8/zHl644d/jdA0g2uyXvy3sb0qxotE+ne0LtccHknQzWwZEzhak7oJ0COQ=="
    },
    "node_modules/regenerate": {
      "version": "1.4.2",
      "resolved": "https://registry.npmmirror.com/regenerate/-/regenerate-1.4.2.tgz",
      "integrity": "sha512-zrceR/XhGYU/d/opr2EKO7aRHUeiBI8qjtfHqADTwZd6Szfy16la6kqD0MIUs5z5hx6AaKa+PixpPrR289+I0A==",
      "dev": true
    },
    "node_modules/regenerate-unicode-properties": {
      "version": "9.0.0",
      "resolved": "https://registry.npmmirror.com/regenerate-unicode-properties/-/regenerate-unicode-properties-9.0.0.tgz",
      "integrity": "sha512-3E12UeNSPfjrgwjkR81m5J7Aw/T55Tu7nUyZVQYCKEOs+2dkxEY+DpPtZzO4YruuiPb7NkYLVcyJC4+zCbk5pA==",
      "dev": true,
      "dependencies": {
        "regenerate": "^1.4.2"
      },
      "engines": {
        "node": ">=4"
      }
    },
    "node_modules/regexpu-core": {
      "version": "4.8.0",
      "resolved": "https://registry.npmmirror.com/regexpu-core/-/regexpu-core-4.8.0.tgz",
      "integrity": "sha512-1F6bYsoYiz6is+oz70NWur2Vlh9KWtswuRuzJOfeYUrfPX2o8n74AnUVaOGDbUqVGO9fNHu48/pjJO4sNVwsOg==",
      "dev": true,
      "dependencies": {
        "regenerate": "^1.4.2",
        "regenerate-unicode-properties": "^9.0.0",
        "regjsgen": "^0.5.2",
        "regjsparser": "^0.7.0",
        "unicode-match-property-ecmascript": "^2.0.0",
        "unicode-match-property-value-ecmascript": "^2.0.0"
      },
      "engines": {
        "node": ">=4"
      }
    },
    "node_modules/regjsgen": {
      "version": "0.5.2",
      "resolved": "https://registry.npmmirror.com/regjsgen/-/regjsgen-0.5.2.tgz",
      "integrity": "sha512-OFFT3MfrH90xIW8OOSyUrk6QHD5E9JOTeGodiJeBS3J6IwlgzJMNE/1bZklWz5oTg+9dCMyEetclvCVXOPoN3A==",
      "dev": true
    },
    "node_modules/regjsparser": {
      "version": "0.7.0",
      "resolved": "https://registry.npmmirror.com/regjsparser/-/regjsparser-0.7.0.tgz",
      "integrity": "sha512-A4pcaORqmNMDVwUjWoTzuhwMGpP+NykpfqAsEgI1FSH/EzC7lrN5TMd+kN8YCovX+jMpu8eaqXgXPCa0g8FQNQ==",
      "dev": true,
      "dependencies": {
        "jsesc": "~0.5.0"
      },
      "bin": {
        "regjsparser": "bin/parser"
      }
    },
    "node_modules/repeat-string": {
      "version": "1.6.1",
      "resolved": "https://registry.npmmirror.com/repeat-string/-/repeat-string-1.6.1.tgz",
      "integrity": "sha512-PV0dzCYDNfRi1jCDbJzpW7jNNDRuCOG/jI5ctQcGKt/clZD+YcPS3yIlWuTJMmESC8aevCFmWJy5wjAFgNqN6w==",
      "engines": {
        "node": ">=0.10"
      }
    },
    "node_modules/replace-ext": {
      "version": "0.0.1",
      "resolved": "https://registry.npmmirror.com/replace-ext/-/replace-ext-0.0.1.tgz",
      "integrity": "sha512-AFBWBy9EVRTa/LhEcG8QDP3FvpwZqmvN2QFDuJswFeaVhWnZMp8q3E6Zd90SR04PlIwfGdyVjNyLPyen/ek5CQ==",
      "engines": {
        "node": ">= 0.4"
      }
    },
    "node_modules/right-align": {
      "version": "0.1.3",
      "resolved": "https://registry.npmmirror.com/right-align/-/right-align-0.1.3.tgz",
      "integrity": "sha512-yqINtL/G7vs2v+dFIZmFUDbnVyFUJFKd6gK22Kgo6R4jfJGFtisKyncWDDULgjfqf4ASQuIQyjJ7XZ+3aWpsAg==",
      "dependencies": {
        "align-text": "^0.1.1"
      },
      "engines": {
        "node": ">=0.10.0"
      }
    },
    "node_modules/rollup": {
      "version": "2.79.0",
      "resolved": "https://registry.npmmirror.com/rollup/-/rollup-2.79.0.tgz",
      "integrity": "sha512-x4KsrCgwQ7ZJPcFA/SUu6QVcYlO7uRLfLAy0DSA4NS2eG8japdbpM50ToH7z4iObodRYOJ0soneF0iaQRJ6zhA==",
      "dev": true,
      "bin": {
        "rollup": "dist/bin/rollup"
      },
      "engines": {
        "node": ">=10.0.0"
      },
      "optionalDependencies": {
        "fsevents": "~2.3.2"
      }
    },
    "node_modules/rollup-plugin-alias": {
      "version": "2.2.0",
      "resolved": "https://registry.npmmirror.com/rollup-plugin-alias/-/rollup-plugin-alias-2.2.0.tgz",
      "integrity": "sha512-9ZK410qeFed4gGrHoojBpxLsHF74vPgsheGg9JRW5RbALAxqdvJbd357mSqWBqUrBfRVnZnNUXTZdYLxxQEA5A==",
      "dev": true,
      "dependencies": {
        "slash": "^3.0.0"
      }
    },
    "node_modules/rollup-plugin-buble": {
      "version": "0.19.8",
      "resolved": "https://registry.npmmirror.com/rollup-plugin-buble/-/rollup-plugin-buble-0.19.8.tgz",
      "integrity": "sha512-8J4zPk2DQdk3rxeZvxgzhHh/rm5nJkjwgcsUYisCQg1QbT5yagW+hehYEW7ZNns/NVbDCTv4JQ7h4fC8qKGOKw==",
      "dev": true,
      "dependencies": {
        "buble": "^0.19.8",
        "rollup-pluginutils": "^2.3.3"
      }
    },
    "node_modules/rollup-pluginutils": {
      "version": "2.8.2",
      "resolved": "https://registry.npmmirror.com/rollup-pluginutils/-/rollup-pluginutils-2.8.2.tgz",
      "integrity": "sha512-EEp9NhnUkwY8aif6bxgovPHMoMoNr2FulJziTndpt5H9RdwC47GSGuII9XxpSdzVGM0GWrNPHV6ie1LTNJPaLQ==",
      "dev": true,
      "dependencies": {
        "estree-walker": "^0.6.1"
      }
    },
    "node_modules/safe-buffer": {
      "version": "5.1.2",
      "resolved": "https://registry.npmmirror.com/safe-buffer/-/safe-buffer-5.1.2.tgz",
      "integrity": "sha512-Gd2UZBJDkXlY7GbJxfsE8/nvKkUEU1G38c1siN6QP6a9PT9MmHB8GnpscSmMJSoF8LOIrt8ud/wPtojys4G6+g=="
    },
    "node_modules/slash": {
      "version": "3.0.0",
      "resolved": "https://registry.npmmirror.com/slash/-/slash-3.0.0.tgz",
      "integrity": "sha512-g9Q1haeby36OSStwb4ntCGGGaKsaVSjQ68fBxoQcutl5fS1vuY18H3wSt3jFyFtrkx+Kz0V1G85A4MyAdDMi2Q==",
      "dev": true,
      "engines": {
        "node": ">=8"
      }
    },
    "node_modules/source-map": {
      "version": "0.5.7",
      "resolved": "https://registry.npmmirror.com/source-map/-/source-map-0.5.7.tgz",
      "integrity": "sha512-LbrmJOMUSdEVxIKvdcJzQC+nQhe8FUZQTXQy6+I75skNgn3OoQ0DZA8YnFa7gp8tqtL3KPf1kmo0R5DoApeSGQ==",
      "engines": {
        "node": ">=0.10.0"
      }
    },
    "node_modules/sourcemap-codec": {
      "version": "1.4.8",
      "resolved": "https://registry.npmmirror.com/sourcemap-codec/-/sourcemap-codec-1.4.8.tgz",
      "integrity": "sha512-9NykojV5Uih4lgo5So5dtw+f0JgJX30KCNI8gwhz2J9A15wD0Ml6tjHKwf6fTSa6fAdVBdZeNOs9eJ71qCk8vA==",
      "dev": true
    },
    "node_modules/sparkles": {
      "version": "1.0.1",
      "resolved": "https://registry.npmmirror.com/sparkles/-/sparkles-1.0.1.tgz",
      "integrity": "sha512-dSO0DDYUahUt/0/pD/Is3VIm5TGJjludZ0HVymmhYF6eNA53PVLhnUk0znSYbH8IYBuJdCE+1luR22jNLMaQdw==",
      "engines": {
        "node": ">= 0.10"
      }
    },
    "node_modules/string_decoder": {
      "version": "0.10.31",
      "resolved": "https://registry.npmmirror.com/string_decoder/-/string_decoder-0.10.31.tgz",
      "integrity": "sha512-ev2QzSzWPYmy9GuqfIVildA4OdcGLeFZQrq5ys6RtiuF+RQQiZWr8TZNyAcuVXyQRYfEO+MsoB/1BuQVhOJuoQ=="
    },
    "node_modules/strip-ansi": {
      "version": "3.0.1",
      "resolved": "https://registry.npmmirror.com/strip-ansi/-/strip-ansi-3.0.1.tgz",
      "integrity": "sha512-VhumSSbBqDTP8p2ZLKj40UjBCV4+v8bUSEpUb4KjRgWk9pbqGF4REFj6KEagidb2f/M6AzC0EmFyDNGaw9OCzg==",
      "dependencies": {
        "ansi-regex": "^2.0.0"
      },
      "engines": {
        "node": ">=0.10.0"
      }
    },
    "node_modules/supports-color": {
      "version": "2.0.0",
      "resolved": "https://registry.npmmirror.com/supports-color/-/supports-color-2.0.0.tgz",
      "integrity": "sha512-KKNVtd6pCYgPIKU4cp2733HWYCpplQhddZLBUryaAHou723x+FRzQ5Df824Fj+IyyuiQTRoub4SnIFfIcrp70g==",
      "engines": {
        "node": ">=0.8.0"
      }
    },
    "node_modules/through2": {
      "version": "2.0.5",
      "resolved": "https://registry.npmmirror.com/through2/-/through2-2.0.5.tgz",
      "integrity": "sha512-/mrRod8xqpA+IHSLyGCQ2s8SPHiCDEeQJSep1jqLYeEUClOFG2Qsh+4FU6G9VeqpZnGW/Su8LQGc4YKni5rYSQ==",
      "dependencies": {
        "readable-stream": "~2.3.6",
        "xtend": "~4.0.1"
      }
    },
    "node_modules/through2/node_modules/readable-stream": {
      "version": "2.3.7",
      "resolved": "https://registry.npmmirror.com/readable-stream/-/readable-stream-2.3.7.tgz",
      "integrity": "sha512-Ebho8K4jIbHAxnuxi7o42OrZgF/ZTNcsZj6nRKyUmkhLFq8CHItp/fy6hQZuZmP/n3yZ9VBUbp4zz/mX8hmYPw==",
      "dependencies": {
        "core-util-is": "~1.0.0",
        "inherits": "~2.0.3",
        "isarray": "~1.0.0",
        "process-nextick-args": "~2.0.0",
        "safe-buffer": "~5.1.1",
        "string_decoder": "~1.1.1",
        "util-deprecate": "~1.0.1"
      }
    },
    "node_modules/through2/node_modules/string_decoder": {
      "version": "1.1.1",
      "resolved": "https://registry.npmmirror.com/string_decoder/-/string_decoder-1.1.1.tgz",
      "integrity": "sha512-n/ShnvDi6FHbbVfviro+WojiFzv+s8MPMHBczVePfUpDJLwoLT0ht1l4YwBCbi8pJAveEEdnkHyPyTP/mzRfwg==",
      "dependencies": {
        "safe-buffer": "~5.1.0"
      }
    },
    "node_modules/time-stamp": {
      "version": "1.1.0",
      "resolved": "https://registry.npmmirror.com/time-stamp/-/time-stamp-1.1.0.tgz",
      "integrity": "sha512-gLCeArryy2yNTRzTGKbZbloctj64jkZ57hj5zdraXue6aFgd6PmvVtEyiUU+hvU0v7q08oVv8r8ev0tRo6bvgw==",
      "engines": {
        "node": ">=0.10.0"
      }
    },
    "node_modules/uglify-js": {
      "version": "2.6.4",
      "resolved": "https://registry.npmmirror.com/uglify-js/-/uglify-js-2.6.4.tgz",
      "integrity": "sha512-5uPOZS1EDeuBIFwTYTlJefbQXWn+auebcRQpj5EtWr9E/7XwWVZ6YTgulZVSTHAEU9y/mYMYh2Mjt7TJ1iRNxQ==",
      "dependencies": {
        "async": "~0.2.6",
        "source-map": "~0.5.1",
        "uglify-to-browserify": "~1.0.0",
        "yargs": "~3.10.0"
      },
      "bin": {
        "uglifyjs": "bin/uglifyjs"
      },
      "engines": {
        "node": ">=0.8.0"
      }
    },
    "node_modules/uglify-save-license": {
      "version": "0.4.1",
      "resolved": "https://registry.npmmirror.com/uglify-save-license/-/uglify-save-license-0.4.1.tgz",
      "integrity": "sha512-ErJczQkCvQKoEk7xxIfJTGp2JHtbKr8lEPtTgeJqm3PVCdF930Ba7x+wwtj3dZKwVu7lDy2nTOwncm3qCD+RMw=="
    },
    "node_modules/uglify-to-browserify": {
      "version": "1.0.2",
      "resolved": "https://registry.npmmirror.com/uglify-to-browserify/-/uglify-to-browserify-1.0.2.tgz",
      "integrity": "sha512-vb2s1lYx2xBtUgy+ta+b2J/GLVUR+wmpINwHePmPRhOsIVCG2wDzKJ0n14GslH1BifsqVzSOwQhRaCAsZ/nI4Q=="
    },
    "node_modules/unicode-canonical-property-names-ecmascript": {
      "version": "2.0.0",
      "resolved": "https://registry.npmmirror.com/unicode-canonical-property-names-ecmascript/-/unicode-canonical-property-names-ecmascript-2.0.0.tgz",
      "integrity": "sha512-yY5PpDlfVIU5+y/BSCxAJRBIS1Zc2dDG3Ujq+sR0U+JjUevW2JhocOF+soROYDSaAezOzOKuyyixhD6mBknSmQ==",
      "dev": true,
      "engines": {
        "node": ">=4"
      }
    },
    "node_modules/unicode-match-property-ecmascript": {
      "version": "2.0.0",
      "resolved": "https://registry.npmmirror.com/unicode-match-property-ecmascript/-/unicode-match-property-ecmascript-2.0.0.tgz",
      "integrity": "sha512-5kaZCrbp5mmbz5ulBkDkbY0SsPOjKqVS35VpL9ulMPfSl0J0Xsm+9Evphv9CoIZFwre7aJoa94AY6seMKGVN5Q==",
      "dev": true,
      "dependencies": {
        "unicode-canonical-property-names-ecmascript": "^2.0.0",
        "unicode-property-aliases-ecmascript": "^2.0.0"
      },
      "engines": {
        "node": ">=4"
      }
    },
    "node_modules/unicode-match-property-value-ecmascript": {
      "version": "2.0.0",
      "resolved": "https://registry.npmmirror.com/unicode-match-property-value-ecmascript/-/unicode-match-property-value-ecmascript-2.0.0.tgz",
      "integrity": "sha512-7Yhkc0Ye+t4PNYzOGKedDhXbYIBe1XEQYQxOPyhcXNMJ0WCABqqj6ckydd6pWRZTHV4GuCPKdBAUiMc60tsKVw==",
      "dev": true,
      "engines": {
        "node": ">=4"
      }
    },
    "node_modules/unicode-property-aliases-ecmascript": {
      "version": "2.1.0",
      "resolved": "https://registry.npmmirror.com/unicode-property-aliases-ecmascript/-/unicode-property-aliases-ecmascript-2.1.0.tgz",
      "integrity": "sha512-6t3foTQI9qne+OZoVQB/8x8rk2k1eVy1gRXhV3oFQ5T6R1dqQ1xtin3XqSlx3+ATBkliTaR/hHyJBm+LVPNM8w==",
      "dev": true,
      "engines": {
        "node": ">=4"
      }
    },
    "node_modules/util-deprecate": {
      "version": "1.0.2",
      "resolved": "https://registry.npmmirror.com/util-deprecate/-/util-deprecate-1.0.2.tgz",
      "integrity": "sha512-EPD5q1uXyFxJpCrLnCc1nHnq3gOa6DZBocAIiI2TaSCA7VCJ1UJDMagCzIkXNsUYfD1daK//LTEQ8xiIbrHtcw=="
    },
    "node_modules/vinyl": {
      "version": "0.5.3",
      "resolved": "https://registry.npmmirror.com/vinyl/-/vinyl-0.5.3.tgz",
      "integrity": "sha512-P5zdf3WB9uzr7IFoVQ2wZTmUwHL8cMZWJGzLBNCHNZ3NB6HTMsYABtt7z8tAGIINLXyAob9B9a1yzVGMFOYKEA==",
      "dependencies": {
        "clone": "^1.0.0",
        "clone-stats": "^0.0.1",
        "replace-ext": "0.0.1"
      },
      "engines": {
        "node": ">= 0.9"
      }
    },
    "node_modules/vinyl-sourcemaps-apply": {
      "version": "0.2.1",
      "resolved": "https://registry.npmmirror.com/vinyl-sourcemaps-apply/-/vinyl-sourcemaps-apply-0.2.1.tgz",
      "integrity": "sha512-+oDh3KYZBoZC8hfocrbrxbLUeaYtQK7J5WU5Br9VqWqmCll3tFJqKp97GC9GmMsVIL0qnx2DgEDVxdo5EZ5sSw==",
      "dependencies": {
        "source-map": "^0.5.1"
      }
    },
    "node_modules/window-size": {
      "version": "0.1.0",
      "resolved": "https://registry.npmmirror.com/window-size/-/window-size-0.1.0.tgz",
      "integrity": "sha512-1pTPQDKTdd61ozlKGNCjhNRd+KPmgLSGa3mZTHoOliaGcESD8G1PXhh7c1fgiPjVbNVfgy2Faw4BI8/m0cC8Mg==",
      "engines": {
        "node": ">= 0.8.0"
      }
    },
    "node_modules/wordwrap": {
      "version": "0.0.2",
      "resolved": "https://registry.npmmirror.com/wordwrap/-/wordwrap-0.0.2.tgz",
      "integrity": "sha512-xSBsCeh+g+dinoBv3GAOWM4LcVVO68wLXRanibtBSdUvkGWQRGeE9P7IwU9EmDDi4jA6L44lz15CGMwdw9N5+Q==",
      "engines": {
        "node": ">=0.4.0"
      }
    },
    "node_modules/xtend": {
      "version": "4.0.2",
      "resolved": "https://registry.npmmirror.com/xtend/-/xtend-4.0.2.tgz",
      "integrity": "sha512-LKYU1iAXJXUgAXn9URjiu+MWhyUXHsvfp7mcuYm9dSUKK0/CjtrUwFAxD82/mCWbtLsGjFIad0wIsod4zrTAEQ==",
      "engines": {
        "node": ">=0.4"
      }
    },
    "node_modules/yargs": {
      "version": "3.10.0",
      "resolved": "https://registry.npmmirror.com/yargs/-/yargs-3.10.0.tgz",
      "integrity": "sha512-QFzUah88GAGy9lyDKGBqZdkYApt63rCXYBGYnEP4xDJPXNqXXnBDACnbrXnViV6jRSqAePwrATi2i8mfYm4L1A==",
      "dependencies": {
        "camelcase": "^1.0.2",
        "cliui": "^2.1.0",
        "decamelize": "^1.0.0",
        "window-size": "0.1.0"
      }
    }
  }
}
